
Microsoft Visual Studio Solution File, Format Version 12.00
# Visual Studio Version 17
VisualStudioVersion = 17.5.33530.505
MinimumVisualStudioVersion = 10.0.40219.1
Project("{9A19103F-16F7-4668-BE54-9A1E7A4F7556}") = "ShoppingListApp", "ShoppingListApp.csproj", "{33C13585-1A14-4C81-803E-88A64D4AC576}"
EndProject
Global
	GlobalSection(SolutionConfigurationPlatforms) = preSolution
		Debug|Any CPU = Debug|Any CPU
		Release|Any CPU = Release|Any CPU
	EndGlobalSection
	GlobalSection(ProjectConfigurationPlatforms) = postSolution
		{33C13585-1A14-4C81-803E-88A64D4AC576}.Debug|Any CPU.ActiveCfg = Debug|Any CPU
		{33C13585-1A14-4C81-803E-88A64D4AC576}.Debug|Any CPU.Build.0 = Debug|Any CPU
		{33C13585-1A14-4C81-803E-88A64D4AC576}.Release|Any CPU.ActiveCfg = Release|Any CPU
		{33C13585-1A14-4C81-803E-88A64D4AC576}.Release|Any CPU.Build.0 = Release|Any CPU
	EndGlobalSection
	GlobalSection(SolutionProperties) = preSolution
		HideSolutionNode = FALSE
	EndGlobalSection
	GlobalSection(ExtensibilityGlobals) = postSolution
		SolutionGuid = {7C933A23-F641-4789-801C-36977AB61F91}
	EndGlobalSection
EndGlobal
